
Microsoft Visual Studio Solution File, Format Version 12.00
# Visual Studio 15
VisualStudioVersion = 15.0.26206.0
MinimumVisualStudioVersion = 10.0.40219.1
Project("{FAE04EC0-301F-11D3-BF4B-00C04F79EFBC}") = "tetsujin", "tetsujin\tetsujin.csproj", "{8C8B99F2-176C-451E-BA26-B4336CF7E23D}"
EndProject
Project("{E53339B2-1760-4266-BCC7-CA923CBCF16C}") = "docker-compose", "docker-compose.dcproj", "{DFD54DC4-B7C6-4F9B-B2E7-A8635C2FB8EE}"
EndProject
Global
	GlobalSection(SolutionConfigurationPlatforms) = preSolution
		Debug|Any CPU = Debug|Any CPU
		Debug|x64 = Debug|x64
		Debug|x86 = Debug|x86
		Release|Any CPU = Release|Any CPU
		Release|x64 = Release|x64
		Release|x86 = Release|x86
	EndGlobalSection
	GlobalSection(ProjectConfigurationPlatforms) = postSolution
		{8C8B99F2-176C-451E-BA26-B4336CF7E23D}.Debug|Any CPU.ActiveCfg = Debug|Any CPU
		{8C8B99F2-176C-451E-BA26-B4336CF7E23D}.Debug|Any CPU.Build.0 = Debug|Any CPU
		{8C8B99F2-176C-451E-BA26-B4336CF7E23D}.Debug|x64.ActiveCfg = Debug|x64
		{8C8B99F2-176C-451E-BA26-B4336CF7E23D}.Debug|x64.Build.0 = Debug|x64
		{8C8B99F2-176C-451E-BA26-B4336CF7E23D}.Debug|x86.ActiveCfg = Debug|x86
		{8C8B99F2-176C-451E-BA26-B4336CF7E23D}.Debug|x86.Build.0 = Debug|x86
		{8C8B99F2-176C-451E-BA26-B4336CF7E23D}.Release|Any CPU.ActiveCfg = Release|Any CPU
		{8C8B99F2-176C-451E-BA26-B4336CF7E23D}.Release|Any CPU.Build.0 = Release|Any CPU
		{8C8B99F2-176C-451E-BA26-B4336CF7E23D}.Release|x64.ActiveCfg = Release|x64
		{8C8B99F2-176C-451E-BA26-B4336CF7E23D}.Release|x64.Build.0 = Release|x64
		{8C8B99F2-176C-451E-BA26-B4336CF7E23D}.Release|x86.ActiveCfg = Release|x86
		{8C8B99F2-176C-451E-BA26-B4336CF7E23D}.Release|x86.Build.0 = Release|x86
		{DFD54DC4-B7C6-4F9B-B2E7-A8635C2FB8EE}.Debug|Any CPU.ActiveCfg = Debug|Any CPU
		{DFD54DC4-B7C6-4F9B-B2E7-A8635C2FB8EE}.Debug|Any CPU.Build.0 = Debug|Any CPU
		{DFD54DC4-B7C6-4F9B-B2E7-A8635C2FB8EE}.Debug|x64.ActiveCfg = Debug|Any CPU
		{DFD54DC4-B7C6-4F9B-B2E7-A8635C2FB8EE}.Debug|x64.Build.0 = Debug|Any CPU
		{DFD54DC4-B7C6-4F9B-B2E7-A8635C2FB8EE}.Debug|x86.ActiveCfg = Debug|Any CPU
		{DFD54DC4-B7C6-4F9B-B2E7-A8635C2FB8EE}.Debug|x86.Build.0 = Debug|Any CPU
		{DFD54DC4-B7C6-4F9B-B2E7-A8635C2FB8EE}.Release|Any CPU.ActiveCfg = Release|Any CPU
		{DFD54DC4-B7C6-4F9B-B2E7-A8635C2FB8EE}.Release|Any CPU.Build.0 = Release|Any CPU
		{DFD54DC4-B7C6-4F9B-B2E7-A8635C2FB8EE}.Release|x64.ActiveCfg = Release|Any CPU
		{DFD54DC4-B7C6-4F9B-B2E7-A8635C2FB8EE}.Release|x64.Build.0 = Release|Any CPU
		{DFD54DC4-B7C6-4F9B-B2E7-A8635C2FB8EE}.Release|x86.ActiveCfg = Release|Any CPU
		{DFD54DC4-B7C6-4F9B-B2E7-A8635C2FB8EE}.Release|x86.Build.0 = Release|Any CPU
	EndGlobalSection
	GlobalSection(SolutionProperties) = preSolution
		HideSolutionNode = FALSE
	EndGlobalSection
EndGlobal
