
Microsoft Visual Studio Solution File, Format Version 12.00
# Visual Studio 15
VisualStudioVersion = 15.0.26730.15
MinimumVisualStudioVersion = 10.0.40219.1
Project("{9A19103F-16F7-4668-BE54-9A1E7A4F7556}") = "tetsujin", "tetsujin\tetsujin.csproj", "{71657D99-03CC-41D9-96BE-17D92208E6DE}"
EndProject
Project("{E53339B2-1760-4266-BCC7-CA923CBCF16C}") = "docker-compose", "docker-compose.dcproj", "{2BF39B58-78D5-40B6-845D-30EB1E6DAE39}"
EndProject
Project("{888888A0-9F3D-457C-B088-3A5042F75D52}") = "UiTest", "SeleniumTest\UiTest.pyproj", "{6F396102-D104-4C48-95DF-5A819ABEAFDA}"
EndProject
Project("{9A19103F-16F7-4668-BE54-9A1E7A4F7556}") = "XUnitTestProject", "XUnitTestProject\XUnitTestProject.csproj", "{322ADC5E-64B3-42E9-A233-B97882A8980A}"
EndProject
Project("{9A19103F-16F7-4668-BE54-9A1E7A4F7556}") = "OAuthProvider", "OAuthProvider\OAuthProvider.csproj", "{BBBD8496-30D6-4F1C-A3EC-FA60853796CA}"
EndProject
Global
	GlobalSection(SolutionConfigurationPlatforms) = preSolution
		Debug|Any CPU = Debug|Any CPU
		Release|Any CPU = Release|Any CPU
	EndGlobalSection
	GlobalSection(ProjectConfigurationPlatforms) = postSolution
		{71657D99-03CC-41D9-96BE-17D92208E6DE}.Debug|Any CPU.ActiveCfg = Debug|Any CPU
		{71657D99-03CC-41D9-96BE-17D92208E6DE}.Debug|Any CPU.Build.0 = Debug|Any CPU
		{71657D99-03CC-41D9-96BE-17D92208E6DE}.Release|Any CPU.ActiveCfg = Release|Any CPU
		{71657D99-03CC-41D9-96BE-17D92208E6DE}.Release|Any CPU.Build.0 = Release|Any CPU
		{2BF39B58-78D5-40B6-845D-30EB1E6DAE39}.Debug|Any CPU.ActiveCfg = Debug|Any CPU
		{2BF39B58-78D5-40B6-845D-30EB1E6DAE39}.Debug|Any CPU.Build.0 = Debug|Any CPU
		{2BF39B58-78D5-40B6-845D-30EB1E6DAE39}.Release|Any CPU.ActiveCfg = Release|Any CPU
		{2BF39B58-78D5-40B6-845D-30EB1E6DAE39}.Release|Any CPU.Build.0 = Release|Any CPU
		{6F396102-D104-4C48-95DF-5A819ABEAFDA}.Debug|Any CPU.ActiveCfg = Debug|Any CPU
		{6F396102-D104-4C48-95DF-5A819ABEAFDA}.Release|Any CPU.ActiveCfg = Release|Any CPU
		{322ADC5E-64B3-42E9-A233-B97882A8980A}.Debug|Any CPU.ActiveCfg = Debug|Any CPU
		{322ADC5E-64B3-42E9-A233-B97882A8980A}.Debug|Any CPU.Build.0 = Debug|Any CPU
		{322ADC5E-64B3-42E9-A233-B97882A8980A}.Release|Any CPU.ActiveCfg = Release|Any CPU
		{322ADC5E-64B3-42E9-A233-B97882A8980A}.Release|Any CPU.Build.0 = Release|Any CPU
		{BBBD8496-30D6-4F1C-A3EC-FA60853796CA}.Debug|Any CPU.ActiveCfg = Debug|Any CPU
		{BBBD8496-30D6-4F1C-A3EC-FA60853796CA}.Debug|Any CPU.Build.0 = Debug|Any CPU
		{BBBD8496-30D6-4F1C-A3EC-FA60853796CA}.Release|Any CPU.ActiveCfg = Release|Any CPU
		{BBBD8496-30D6-4F1C-A3EC-FA60853796CA}.Release|Any CPU.Build.0 = Release|Any CPU
	EndGlobalSection
	GlobalSection(SolutionProperties) = preSolution
		HideSolutionNode = FALSE
	EndGlobalSection
	GlobalSection(ExtensibilityGlobals) = postSolution
		SolutionGuid = {3B54AD65-080E-41A6-AE70-899C48655CF2}
	EndGlobalSection
EndGlobal
